
Microsoft Visual Studio Solution File, Format Version 12.00
# Visual Studio Version 17
VisualStudioVersion = 17.4.33213.308
MinimumVisualStudioVersion = 10.0.40219.1
Project("{9A19103F-16F7-4668-BE54-9A1E7A4F7556}") = "ClientApp", "ClientApp\ClientApp.csproj", "{98594E3A-A3A4-4B5F-904E-E86414F11C83}"
EndProject
Project("{9A19103F-16F7-4668-BE54-9A1E7A4F7556}") = "Database", "Database\Database.csproj", "{22AA92D1-2E90-4847-94DD-EF09D2FE00D6}"
EndProject
Project("{9A19103F-16F7-4668-BE54-9A1E7A4F7556}") = "ServerConsole", "ServerConsole\ServerConsole.csproj", "{8C172300-6349-454F-98EA-0B854ED2EDE9}"
EndProject
Project("{FAE04EC0-301F-11D3-BF4B-00C04F79EFBC}") = "ExpansionForCAndS", "ExpansionForCAndS\ExpansionForCAndS.csproj", "{F131B938-2BB6-48D7-AB4B-C08A45A81211}"
EndProject
Global
	GlobalSection(SolutionConfigurationPlatforms) = preSolution
		Debug|Any CPU = Debug|Any CPU
		Release|Any CPU = Release|Any CPU
	EndGlobalSection
	GlobalSection(ProjectConfigurationPlatforms) = postSolution
		{98594E3A-A3A4-4B5F-904E-E86414F11C83}.Debug|Any CPU.ActiveCfg = Debug|Any CPU
		{98594E3A-A3A4-4B5F-904E-E86414F11C83}.Debug|Any CPU.Build.0 = Debug|Any CPU
		{98594E3A-A3A4-4B5F-904E-E86414F11C83}.Release|Any CPU.ActiveCfg = Release|Any CPU
		{98594E3A-A3A4-4B5F-904E-E86414F11C83}.Release|Any CPU.Build.0 = Release|Any CPU
		{22AA92D1-2E90-4847-94DD-EF09D2FE00D6}.Debug|Any CPU.ActiveCfg = Debug|Any CPU
		{22AA92D1-2E90-4847-94DD-EF09D2FE00D6}.Debug|Any CPU.Build.0 = Debug|Any CPU
		{22AA92D1-2E90-4847-94DD-EF09D2FE00D6}.Release|Any CPU.ActiveCfg = Release|Any CPU
		{22AA92D1-2E90-4847-94DD-EF09D2FE00D6}.Release|Any CPU.Build.0 = Release|Any CPU
		{8C172300-6349-454F-98EA-0B854ED2EDE9}.Debug|Any CPU.ActiveCfg = Debug|Any CPU
		{8C172300-6349-454F-98EA-0B854ED2EDE9}.Debug|Any CPU.Build.0 = Debug|Any CPU
		{8C172300-6349-454F-98EA-0B854ED2EDE9}.Release|Any CPU.ActiveCfg = Release|Any CPU
		{8C172300-6349-454F-98EA-0B854ED2EDE9}.Release|Any CPU.Build.0 = Release|Any CPU
		{F131B938-2BB6-48D7-AB4B-C08A45A81211}.Debug|Any CPU.ActiveCfg = Debug|Any CPU
		{F131B938-2BB6-48D7-AB4B-C08A45A81211}.Debug|Any CPU.Build.0 = Debug|Any CPU
		{F131B938-2BB6-48D7-AB4B-C08A45A81211}.Release|Any CPU.ActiveCfg = Release|Any CPU
		{F131B938-2BB6-48D7-AB4B-C08A45A81211}.Release|Any CPU.Build.0 = Release|Any CPU
	EndGlobalSection
	GlobalSection(SolutionProperties) = preSolution
		HideSolutionNode = FALSE
	EndGlobalSection
	GlobalSection(ExtensibilityGlobals) = postSolution
		SolutionGuid = {02EDB1E7-FB12-4E4E-A45D-F8B152ABD01E}
	EndGlobalSection
EndGlobal
